<?xml version="1.0" encoding="UTF-8" standalone="yes" ?>
<CodeBlocks_project_file>
	<FileVersion major="1" minor="6" />
	<Project>
		<Option title="MP_C_2025" />
		<Option pch_mode="2" />
		<Option compiler="gcc-mingw64" />
		<Build>
			<Target title="Debug">
				<Option output="bin/Debug/MP_C_2025" prefix_auto="1" extension_auto="1" />
				<Option object_output="obj/Debug/" />
				<Option type="1" />
				<Option compiler="gcc-mingw64" />
			</Target>
			<Target title="Release">
				<Option output="bin/Release/MP_C_2025" prefix_auto="1" extension_auto="1" />
				<Option object_output="obj/Release/" />
				<Option type="1" />
				<Option compiler="gcc-mingw64" />
			</Target>
		</Build>
		<Unit filename="bonbon.c">
			<Option compilerVar="CC" />
			<Option target="&lt;{~None~}&gt;" />
		</Unit>
		<Unit filename="bonbon.h">
			<Option target="&lt;{~None~}&gt;" />
		</Unit>
		<Unit filename="combinaison.c">
			<Option compilerVar="CC" />
			<Option target="&lt;{~None~}&gt;" />
		</Unit>
		<Unit filename="combinaison.h">
			<Option target="&lt;{~None~}&gt;" />
		</Unit>
		<Unit filename="distributeur.c">
			<Option compilerVar="CC" />
			<Option target="&lt;{~None~}&gt;" />
		</Unit>
		<Unit filename="distributeur.h">
			<Option target="&lt;{~None~}&gt;" />
		</Unit>
		<Unit filename="jeu.c">
			<Option compilerVar="CC" />
			<Option target="&lt;{~None~}&gt;" />
		</Unit>
		<Unit filename="jeu.h">
			<Option target="&lt;{~None~}&gt;" />
		</Unit>
		<Unit filename="joueur.c">
			<Option compilerVar="CC" />
			<Option target="&lt;{~None~}&gt;" />
		</Unit>
		<Unit filename="joueur.h">
			<Option target="&lt;{~None~}&gt;" />
		</Unit>
		<Unit filename="main.c">
			<Option compilerVar="CC" />
		</Unit>
		<Unit filename="score.c">
			<Option compilerVar="CC" />
			<Option target="&lt;{~None~}&gt;" />
		</Unit>
		<Unit filename="score.h">
			<Option target="&lt;{~None~}&gt;" />
		</Unit>
		<Extensions>
			<lib_finder disable_auto="1" />
		</Extensions>
	</Project>
</CodeBlocks_project_file>
